
Microsoft Visual Studio Solution File, Format Version 12.00
# Visual Studio Version 16
VisualStudioVersion = 16.0.31424.327
MinimumVisualStudioVersion = 10.0.40219.1
Project("{FAE04EC0-301F-11D3-BF4B-00C04F79EFBC}") = "Order.API", "Order.API\Order.API.csproj", "{32E545B4-45D6-489C-8EA1-49B6C85E0BE2}"
EndProject
Global
	GlobalSection(SolutionConfigurationPlatforms) = preSolution
		Debug|Any CPU = Debug|Any CPU
		Release|Any CPU = Release|Any CPU
	EndGlobalSection
	GlobalSection(ProjectConfigurationPlatforms) = postSolution
		{32E545B4-45D6-489C-8EA1-49B6C85E0BE2}.Debug|Any CPU.ActiveCfg = Debug|Any CPU
		{32E545B4-45D6-489C-8EA1-49B6C85E0BE2}.Debug|Any CPU.Build.0 = Debug|Any CPU
		{32E545B4-45D6-489C-8EA1-49B6C85E0BE2}.Release|Any CPU.ActiveCfg = Release|Any CPU
		{32E545B4-45D6-489C-8EA1-49B6C85E0BE2}.Release|Any CPU.Build.0 = Release|Any CPU
	EndGlobalSection
	GlobalSection(SolutionProperties) = preSolution
		HideSolutionNode = FALSE
	EndGlobalSection
	GlobalSection(ExtensibilityGlobals) = postSolution
		SolutionGuid = {88F1B9F1-BBB4-4C84-9888-DCC889F32C08}
	EndGlobalSection
EndGlobal
